
Microsoft Visual Studio Solution File, Format Version 12.00
# Visual Studio Version 16
VisualStudioVersion = 16.0.31911.196
MinimumVisualStudioVersion = 10.0.40219.1
Project("{FAE04EC0-301F-11D3-BF4B-00C04F79EFBC}") = "uri_1000", "uri_1000\uri_1000.csproj", "{DD042397-64DD-4159-BD7E-93A5E01BB9B7}"
EndProject
Global
	GlobalSection(SolutionConfigurationPlatforms) = preSolution
		Debug|Any CPU = Debug|Any CPU
		Release|Any CPU = Release|Any CPU
	EndGlobalSection
	GlobalSection(ProjectConfigurationPlatforms) = postSolution
		{DD042397-64DD-4159-BD7E-93A5E01BB9B7}.Debug|Any CPU.ActiveCfg = Debug|Any CPU
		{DD042397-64DD-4159-BD7E-93A5E01BB9B7}.Debug|Any CPU.Build.0 = Debug|Any CPU
		{DD042397-64DD-4159-BD7E-93A5E01BB9B7}.Release|Any CPU.ActiveCfg = Release|Any CPU
		{DD042397-64DD-4159-BD7E-93A5E01BB9B7}.Release|Any CPU.Build.0 = Release|Any CPU
	EndGlobalSection
	GlobalSection(SolutionProperties) = preSolution
		HideSolutionNode = FALSE
	EndGlobalSection
	GlobalSection(ExtensibilityGlobals) = postSolution
		SolutionGuid = {B105E346-F33C-4D3B-929D-6DA0F21BD8FE}
	EndGlobalSection
EndGlobal
